
Microsoft Visual Studio Solution File, Format Version 12.00
Project("{FAE04EC0-301F-11D3-BF4B-00C04F79EFBC}") = "DamageCalculatorMAOF", "DamageCalculatorMAOF\DamageCalculatorMAOF.csproj", "{BBD432DB-2C88-41E7-BFBC-C5CF70D40160}"
EndProject
Global
	GlobalSection(SolutionConfigurationPlatforms) = preSolution
		Debug|Any CPU = Debug|Any CPU
		Release|Any CPU = Release|Any CPU
	EndGlobalSection
	GlobalSection(ProjectConfigurationPlatforms) = postSolution
		{BBD432DB-2C88-41E7-BFBC-C5CF70D40160}.Debug|Any CPU.ActiveCfg = Debug|Any CPU
		{BBD432DB-2C88-41E7-BFBC-C5CF70D40160}.Debug|Any CPU.Build.0 = Debug|Any CPU
		{BBD432DB-2C88-41E7-BFBC-C5CF70D40160}.Release|Any CPU.ActiveCfg = Release|Any CPU
		{BBD432DB-2C88-41E7-BFBC-C5CF70D40160}.Release|Any CPU.Build.0 = Release|Any CPU
	EndGlobalSection
EndGlobal
